{
  "name": "no-numbers",
  "version": "1.1.0",
  "lockfileVersion": 3,
  "requires": true,
  "packages": {
    "": {
      "name": "no-numbers",
      "version": "1.1.0",
      "devDependencies": {
        "@figma/plugin-typings": "^1.100.2"
      }
    },
    "node_modules/@figma/plugin-typings": {
      "version": "1.100.2",
      "resolved": "https://registry.npmjs.org/@figma/plugin-typings/-/plugin-typings-1.100.2.tgz",
      "integrity": "sha512-xRlneaT5D6afuzkt8J28DXgHAcglncqNVzh1qe5bJVzTLfniiDQY5N/IVXIJj/u7vXYMY6uqvJt8UBFe5l4FXA==",
      "dev": true,
      "license": "MIT License"
    }
  }
}
